lockfile_version: '1'
generated_at: '2026-07-25T15:25:10.633649+00:00'
dependencies: []
local_deployed_files:
- .claude/agents/code-reviewer.md
- .claude/agents/docs-writer.md
- .claude/agents/orchestrator.md
- .claude/agents/performance-profiler.md
- .claude/agents/planner.md
- .claude/agents/release-manager.md
- .claude/agents/researcher.md
- .claude/agents/security-auditor.md
- .claude/rules/agent-standards.md
- .claude/rules/claude-code.md
- .claude/rules/codex.md
- .claude/rules/docs-verify.md
- .claude/rules/global.md
- .claude/rules/grok.md
- .claude/rules/opencode-agents-overlay.md
- .claude/rules/opencode.md
- .claude/rules/python-quality.md
- .claude/rules/skill-accuracy.md
- .claude/rules/skill-integrity.md
- .claude/rules/skill-validation.md
- .codex/agents/code-reviewer.toml
- .codex/agents/docs-writer.toml
- .codex/agents/orchestrator.toml
- .codex/agents/performance-profiler.toml
- .codex/agents/planner.toml
- .codex/agents/release-manager.toml
- .codex/agents/researcher.toml
- .codex/agents/security-auditor.toml
- .cursor/agents/code-reviewer.md
- .cursor/agents/docs-writer.md
- .cursor/agents/orchestrator.md
- .cursor/agents/performance-profiler.md
- .cursor/agents/planner.md
- .cursor/agents/release-manager.md
- .cursor/agents/researcher.md
- .cursor/agents/security-auditor.md
- .cursor/rules/agent-standards.mdc
- .cursor/rules/claude-code.mdc
- .cursor/rules/codex.mdc
- .cursor/rules/docs-verify.mdc
- .cursor/rules/global.mdc
- .cursor/rules/grok.mdc
- .cursor/rules/opencode-agents-overlay.mdc
- .cursor/rules/opencode.mdc
- .cursor/rules/python-quality.mdc
- .cursor/rules/skill-accuracy.mdc
- .cursor/rules/skill-integrity.mdc
- .cursor/rules/skill-validation.mdc
- .opencode/agents/code-reviewer.md
- .opencode/agents/docs-writer.md
- .opencode/agents/orchestrator.md
- .opencode/agents/performance-profiler.md
- .opencode/agents/planner.md
- .opencode/agents/release-manager.md
- .opencode/agents/researcher.md
- .opencode/agents/security-auditor.md
local_deployed_file_hashes:
  .claude/agents/code-reviewer.md: sha256:147fb732ec5ea2a7d7c38ae1c51551bae2d7750621c549e2380ee38c4825065c
  .claude/agents/docs-writer.md: sha256:b25c9ccd8cc945cd7c185a597e36ce3bbddc65dc53323944a5510a96339640f3
  .claude/agents/orchestrator.md: sha256:e59ed58824f5e1e4fb2488eb8af2bf1550daea0dd2ca1fcc0bc2e4a544621bac
  .claude/agents/performance-profiler.md: sha256:417b54c4590a02e7886e32b15b3f2ee0c1e5e4930a519aa1b4ce52c5ad877903
  .claude/agents/planner.md: sha256:26904e25ab9e17e70bbce519be5e68f390cb51956f9a179470355a19c6794297
  .claude/agents/release-manager.md: sha256:5cfbcc8ce9b9288c18d7ccdd006a0331c3c6ebd6675887fc87324bcb976b63cb
  .claude/agents/researcher.md: sha256:af53401c40328110267ab194cc005a24a87c43467eee62f858b670d5d0721610
  .claude/agents/security-auditor.md: sha256:94271aa5bfbc74a07748ab199cc6715935ff65d2c9701d5ac00f3abdad37a7fb
  .claude/rules/agent-standards.md: sha256:7546cf22338fb0e288fde82ef1d9303162cea1964e0ff826fe2b9fccb1a298d9
  .claude/rules/claude-code.md: sha256:56716ef81103c428f477d6cc3a6bbcf7f68155d6efccd6078d2db2f2f7161c37
  .claude/rules/codex.md: sha256:285113980a620c457e10d28dd3ef96354821bf75e96a13de611a7edaed59fb67
  .claude/rules/docs-verify.md: sha256:ccaa46c2675bc870a22db1ddc45784e2b66bf689ead7bafdf8736a68fcadf208
  .claude/rules/global.md: sha256:766961c0b9a5e144c0882c6e94cc547ee1bb1ea9aab4f96b6aeeffcbffc16e24
  .claude/rules/grok.md: sha256:f6814991996dab68aca791b1011e71ee8254c5a45b7204f6e387a1ddfb4fdb8b
  .claude/rules/opencode-agents-overlay.md: sha256:8b08f9347a51356b18203959ab71bbb857723fd08057e4d052ce5a6e1482f654
  .claude/rules/opencode.md: sha256:bdb44631e5ff2fcb74c59d6deb19e8f828decde0c0edeff4735aa94e5e5704df
  .claude/rules/python-quality.md: sha256:e257d45d1300e0bd733d90b0919afee469220749f0521fb0fa31675f71ac1406
  .claude/rules/skill-accuracy.md: sha256:5f54fa035fad826b6536116f95b0851938fc3f634531995a517488ba29af1fa3
  .claude/rules/skill-integrity.md: sha256:70274dc556e8dc8881c2b81a09c1a4ced728e8f66a1f4b7cf498015670c55e2e
  .claude/rules/skill-validation.md: sha256:309a6f4e52d23d73ef3f1ab6e1e38952f07e0e4abf5f6a42238c874091f5d2ce
  .codex/agents/code-reviewer.toml: sha256:c8b57b563fb68757b6c3420dc42ac194b8915e00b560a5d12ae43bcf5468423c
  .codex/agents/docs-writer.toml: sha256:d46dc687cdd4938106bbb96d06ff7f2b60a1c21e6a8655671db07ca10bbd78d6
  .codex/agents/orchestrator.toml: sha256:b6faacdef3a9d55f0032425dcb5c8ff78d2e9785a4c220b7dbadc4fef2e35dd5
  .codex/agents/performance-profiler.toml: sha256:a5b19558a14ef011c6bb60b0e011e112d2826ff7d8f128b1e840888b9b0b9614
  .codex/agents/planner.toml: sha256:b66ab7325c13d7058a863fd657efde6c1c618312c6e23b1942c5a2dee3b1d337
  .codex/agents/release-manager.toml: sha256:b69a4cb7641787538c78f93ab3478408b8622ae5afd8cf5a85831827d9515159
  .codex/agents/researcher.toml: sha256:a9de4f010f324bb61a31ab73bd7b7f03d278876d3889e23da52ec63b2983dee9
  .codex/agents/security-auditor.toml: sha256:fe8689def0bdb5f5cd3ca1a032618b68c3ce994940308374f0a9b21231c4ffde
  .cursor/agents/code-reviewer.md: sha256:e21e68ad9d045d70c3b2d9cd9c54376e394d82bdb78b488572a9ca7475c6d742
  .cursor/agents/docs-writer.md: sha256:b32ced7366fe0f69932df4f964f0e8277a92396ae4eb32f4728065e381457302
  .cursor/agents/orchestrator.md: sha256:77b759d6c4a7f352886763297ec3077ab2715a69f3fd8c5b5d1663d98521dd45
  .cursor/agents/performance-profiler.md: sha256:6abc0e7c46106f915e5d548bb077cb3283075011fc6e5856c1fb77d8301f00d3
  .cursor/agents/planner.md: sha256:73a4a9443ed6a210e328dc70843a055a9010836f0ef2276ffdd46a63b3924050
  .cursor/agents/release-manager.md: sha256:9e5862a484a242257388b3ffc74bd2bb3c76b397e3985286e8ccef115fe229c7
  .cursor/agents/researcher.md: sha256:7624ab9b2b6b8fafb98f148ff5078cf82f29fdd03d8b835a476e315d14e451f9
  .cursor/agents/security-auditor.md: sha256:47e12b8195e008e6d310f2d2a675c437634c2f699a93e91f42d749bb55aa312c
  .cursor/rules/agent-standards.mdc: sha256:8a0af53360dbce335744e3b1ca6be54d71f891158bdc7baa036aca6e76b62db2
  .cursor/rules/claude-code.mdc: sha256:a8885b0a23d2b0cce09d4927eeee8b7efa11336aa9918334128fb555a5f67429
  .cursor/rules/codex.mdc: sha256:a68378bd994236bc6b422a7a485493c4361163fe8143bb6ca2d8d7a97b38cd84
  .cursor/rules/docs-verify.mdc: sha256:74cb7e54d80afcb7a5cbc2b01365817f2a2a8673ee1c814736d4f429bb178a7c
  .cursor/rules/global.mdc: sha256:cd824de2cfc2bd3da0b0a5db31c5648eb6522b362f4b0289bf3c17e835e4d22c
  .cursor/rules/grok.mdc: sha256:8dcf0e58d25ed82da568a0c56601142226a89ffd4a34ad580b0b44f2fab9f2ee
  .cursor/rules/opencode-agents-overlay.mdc: sha256:13725c9e4db632fa153c091f9cb22a850e86b53d9b2328e3e9ab2244a323cf08
  .cursor/rules/opencode.mdc: sha256:43f7f7f91c6e6c73ad2fc1151bac51771e0d0fcad6c29a067f540ed06598783b
  .cursor/rules/python-quality.mdc: sha256:42cf2adce6e74715a2d3f34dc77658cd86f607269b95a7630a4a2af800876918
  .cursor/rules/skill-accuracy.mdc: sha256:41a2b5a6932251b7a45528bf7324b9e4e5c89dc416c8b9c28e66636f2d4abe4e
  .cursor/rules/skill-integrity.mdc: sha256:099722fff5e532cfd206e89d60889b10652bd77fab8bd6df80039c8a170f3a34
  .cursor/rules/skill-validation.mdc: sha256:36ac47ab754ec554ad03c8ee6e70d1c1cb796eb0631c6c97b79e977b4d9e92d7
  .opencode/agents/code-reviewer.md: sha256:da793de572aebb90dc416fb116c2988ae5cebb660832d985e10d68b47b2ab2c6
  .opencode/agents/docs-writer.md: sha256:056e46ae045971c858b9524de4de9b703dc6ddb88b2625a1bb18e422cc2de332
  .opencode/agents/orchestrator.md: sha256:c1c584c1fbfc39d5f9f54fec97dbc4275d91bf4d455d883ec43da3c0b8e8c938
  .opencode/agents/performance-profiler.md: sha256:43e3998fecee6e48523b98abb52e2c3a36efadf63360b2d5b7f29fc63fc66b7b
  .opencode/agents/planner.md: sha256:1712ce344031e22aed8ff3f1eebed4b849c1435e6fd029cc42aab55927284ab8
  .opencode/agents/release-manager.md: sha256:34de09c8d1db241d610c770a736c4369b3b07764f38a5fcab0fd76aeaf76b8ea
  .opencode/agents/researcher.md: sha256:38da59a2c67b87dde7f950233961598167c5aa1a9db037a03852ba2e2396dcad
  .opencode/agents/security-auditor.md: sha256:59a12f2bfa98f4277db6e67e88e3277de14912c0d93697b3d7a7b726782d3de1
